PODS:
  - LSTCategory (0.1.08081005):
    - LSTCategory/Code (= 0.1.08081005)
  - LSTCategory/Code (0.1.08081005)

DEPENDENCIES:
  - LSTCategory (from `../`)

EXTERNAL SOURCES:
  LSTCategory:
    :path: "../"

SPEC CHECKSUMS:
  LSTCategory: 1e8a17da37774ef3b4c11a693e3add5d2e6dca1d

PODFILE CHECKSUM: ba45eedc08c1819611804b752e0fa303a73d15b1

COCOAPODS: 1.7.2
