PODS:
  - LSTCategory (0.2.04281546):
    - LSTCategory/Code (= 0.2.04281546)
  - LSTCategory/Code (0.2.04281546)

DEPENDENCIES:
  - LSTCategory (from `../`)

EXTERNAL SOURCES:
  LSTCategory:
    :path: "../"

SPEC CHECKSUMS:
  LSTCategory: a646b02eefb8c36c946feeb5203699c1cff7dfee

PODFILE CHECKSUM: e1e8c130e3143090e19bf0d61b88f349aea8562f

COCOAPODS: 1.9.1
